
Microsoft Visual Studio Solution File, Format Version 12.00
# Visual Studio Version 17
VisualStudioVersion = 17.12.35514.174 d17.12
MinimumVisualStudioVersion = 10.0.40219.1
Project("{FAE04EC0-301F-11D3-BF4B-00C04F79EFBC}") = "WeatherV2API", "WeatherV2API.csproj", "{96257E37-3E6B-4FC4-A026-B0EE7DEC302D}"
EndProject
Global
	GlobalSection(SolutionConfigurationPlatforms) = preSolution
		Debug|Any CPU = Debug|Any CPU
		Release|Any CPU = Release|Any CPU
	EndGlobalSection
	GlobalSection(ProjectConfigurationPlatforms) = postSolution
		{96257E37-3E6B-4FC4-A026-B0EE7DEC302D}.Debug|Any CPU.ActiveCfg = Debug|Any CPU
		{96257E37-3E6B-4FC4-A026-B0EE7DEC302D}.Debug|Any CPU.Build.0 = Debug|Any CPU
		{96257E37-3E6B-4FC4-A026-B0EE7DEC302D}.Release|Any CPU.ActiveCfg = Release|Any CPU
		{96257E37-3E6B-4FC4-A026-B0EE7DEC302D}.Release|Any CPU.Build.0 = Release|Any CPU
	EndGlobalSection
	GlobalSection(SolutionProperties) = preSolution
		HideSolutionNode = FALSE
	EndGlobalSection
EndGlobal
